// !$*UTF8*$!
{
	archiveVersion = 1;
	classes = {
	};
	objectVersion = 46;
	objects = {

/* Begin PBXBuildFile section */
		1E6EC4721C05A0A000A9C7FA /* AppDelegate.swift in Sources */ = {isa = PBXBuildFile; fileRef = 1E6EC4711C05A0A000A9C7FA /* AppDelegate.swift */; };
		1E6EC4741C05A0A000A9C7FA /* ViewController.swift in Sources */ = {isa = PBXBuildFile; fileRef = 1E6EC4731C05A0A000A9C7FA /* ViewController.swift */; };
		1E6EC4771C05A0A000A9C7FA /* Main.storyboard in Resources */ = {isa = PBXBuildFile; fileRef = 1E6EC4751C05A0A000A9C7FA /* Main.storyboard */; };
		1E6EC47A1C05A0A000A9C7FA /* CoreDataTest.xcdatamodeld in Sources */ = {isa = PBXBuildFile; fileRef = 1E6EC4781C05A0A000A9C7FA /* CoreDataTest.xcdatamodeld */; };
		1E6EC47C1C05A0A000A9C7FA /* Assets.xcassets in Resources */ = {isa = PBXBuildFile; fileRef = 1E6EC47B1C05A0A000A9C7FA /* Assets.xcassets */; };
		1E6EC47F1C05A0A000A9C7FA /* LaunchScreen.storyboard in Resources */ = {isa = PBXBuildFile; fileRef = 1E6EC47D1C05A0A000A9C7FA /* LaunchScreen.storyboard */; };
		1E6EC4881C05A0D400A9C7FA /* Entity+CoreDataProperties.swift in Sources */ = {isa = PBXBuildFile; fileRef = 1E6EC4861C05A0D400A9C7FA /* Entity+CoreDataProperties.swift */; };
		1E6EC4891C05A0D400A9C7FA /* Entity.swift in Sources */ = {isa = PBXBuildFile; fileRef = 1E6EC4871C05A0D400A9C7FA /* Entity.swift */; };
/* End PBXBuildFile section */

/* Begin PBXFileReference section */
		1E6EC46E1C05A0A000A9C7FA /* CoreDataTest.app */ = {isa = PBXFileReference; explicitFileType = wrapper.application; includeInIndex = 0; path = CoreDataTest.app; sourceTree = BUILT_PRODUCTS_DIR; };
		1E6EC4711C05A0A000A9C7FA /* AppDelegate.swift */ = {isa = PBXFileReference; lastKnownFileType = sourcecode.swift; path = AppDelegate.swift; sourceTree = "<group>"; };
		1E6EC4731C05A0A000A9C7FA /* ViewController.swift */ = {isa = PBXFileReference; lastKnownFileType = sourcecode.swift; path = ViewController.swift; sourceTree = "<group>"; };
		1E6EC4761C05A0A000A9C7FA /* Base */ = {isa = PBXFileReference; lastKnownFileType = file.storyboard; name = Base; path = Base.lproj/Main.storyboard; sourceTree = "<group>"; };
		1E6EC4791C05A0A000A9C7FA /* CoreDataTest.xcdatamodel */ = {isa = PBXFileReference; lastKnownFileType = wrapper.xcdatamodel; path = CoreDataTest.xcdatamodel; sourceTree = "<group>"; };
		1E6EC47B1C05A0A000A9C7FA /* Assets.xcassets */ = {isa = PBXFileReference; lastKnownFileType = folder.assetcatalog; path = Assets.xcassets; sourceTree = "<group>"; };
		1E6EC47E1C05A0A000A9C7FA /* Base */ = {isa = PBXFileReference; lastKnownFileType = file.storyboard; name = Base; path = Base.lproj/LaunchScreen.storyboard; sourceTree = "<group>"; };
		1E6EC4801C05A0A000A9C7FA /* Info.plist */ = {isa = PBXFileReference; lastKnownFileType = text.plist.xml; path = Info.plist; sourceTree = "<group>"; };
		1E6EC4861C05A0D400A9C7FA /* Entity+CoreDataProperties.swift */ = {isa = PBXFileReference; fileEncoding = 4; lastKnownFileType = sourcecode.swift; path = "Entity+CoreDataProperties.swift"; sourceTree = "<group>"; };
		1E6EC4871C05A0D400A9C7FA /* Entity.swift */ = {isa = PBXFileReference; fileEncoding = 4; lastKnownFileType = sourcecode.swift; path = Entity.swift; sourceTree = "<group>"; };
/* End PBXFileReference section */

/* Begin PBXFrameworksBuildPhase section */
		1E6EC46B1C05A0A000A9C7FA /* Frameworks */ = {
			isa = PBXFrameworksBuildPhase;
			buildActionMask = 2147483647;
			files = (
			);
			runOnlyForDeploymentPostprocessing = 0;
		};
/* End PBXFrameworksBuildPhase section */

/* Begin PBXGroup section */
		1E6EC4651C05A0A000A9C7FA = {
			isa = PBXGroup;
			children = (
				1E6EC4701C05A0A000A9C7FA /* CoreDataTest */,
				1E6EC46F1C05A0A000A9C7FA /* Products */,
			);
			sourceTree = "<group>";
		};
		1E6EC46F1C05A0A000A9C7FA /* Products */ = {
			isa = PBXGroup;
			children = (
				1E6EC46E1C05A0A000A9C7FA /* CoreDataTest.app */,
			);
			name = Products;
			sourceTree = "<group>";
		};
		1E6EC4701C05A0A000A9C7FA /* CoreDataTest */ = {
			isa = PBXGroup;
			children = (
				1E6EC4861C05A0D400A9C7FA /* Entity+CoreDataProperties.swift */,
				1E6EC4871C05A0D400A9C7FA /* Entity.swift */,
				1E6EC4711C05A0A000A9C7FA /* AppDelegate.swift */,
				1E6EC4731C05A0A000A9C7FA /* ViewController.swift */,
				1E6EC4751C05A0A000A9C7FA /* Main.storyboard */,
				1E6EC47B1C05A0A000A9C7FA /* Assets.xcassets */,
				1E6EC47D1C05A0A000A9C7FA /* LaunchScreen.storyboard */,
				1E6EC4801C05A0A000A9C7FA /* Info.plist */,
				1E6EC4781C05A0A000A9C7FA /* CoreDataTest.xcdatamodeld */,
			);
			path = CoreDataTest;
			sourceTree = "<group>";
		};
/* End PBXGroup section */

/* Begin PBXNativeTarget section */
		1E6EC46D1C05A0A000A9C7FA /* CoreDataTest */ = {
			isa = PBXNativeTarget;
			buildConfigurationList = 1E6EC4831C05A0A000A9C7FA /* Build configuration list for PBXNativeTarget "CoreDataTest" */;
			buildPhases = (
				1E6EC46A1C05A0A000A9C7FA /* Sources */,
				1E6EC46B1C05A0A000A9C7FA /* Frameworks */,
				1E6EC46C1C05A0A000A9C7FA /* Resources */,
			);
			buildRules = (
			);
			dependencies = (
			);
			name = CoreDataTest;
			productName = CoreDataTest;
			productReference = 1E6EC46E1C05A0A000A9C7FA /* CoreDataTest.app */;
			productType = "com.apple.product-type.application";
		};
/* End PBXNativeTarget section */

/* Begin PBXProject section */
		1E6EC4661C05A0A000A9C7FA /* Project object */ = {
			isa = PBXProject;
			attributes = {
				LastSwiftUpdateCheck = 0710;
				LastUpgradeCheck = 0710;
				ORGANIZATIONNAME = "Pavel Minárik";
				TargetAttributes = {
					1E6EC46D1C05A0A000A9C7FA = {
						CreatedOnToolsVersion = 7.1.1;
					};
				};
			};
			buildConfigurationList = 1E6EC4691C05A0A000A9C7FA /* Build configuration list for PBXProject "CoreDataTest" */;
			compatibilityVersion = "Xcode 3.2";
			developmentRegion = English;
			hasScannedForEncodings = 0;
			knownRegions = (
				en,
				Base,
			);
			mainGroup = 1E6EC4651C05A0A000A9C7FA;
			productRefGroup = 1E6EC46F1C05A0A000A9C7FA /* Products */;
			projectDirPath = "";
			projectRoot = "";
			targets = (
				1E6EC46D1C05A0A000A9C7FA /* CoreDataTest */,
			);
		};
/* End PBXProject section */

/* Begin PBXResourcesBuildPhase section */
		1E6EC46C1C05A0A000A9C7FA /* Resources */ = {
			isa = PBXResourcesBuildPhase;
			buildActionMask = 2147483647;
			files = (
				1E6EC47F1C05A0A000A9C7FA /* LaunchScreen.storyboard in Resources */,
				1E6EC47C1C05A0A000A9C7FA /* Assets.xcassets in Resources */,
				1E6EC4771C05A0A000A9C7FA /* Main.storyboard in Resources */,
			);
			runOnlyForDeploymentPostprocessing = 0;
		};
/* End PBXResourcesBuildPhase section */

/* Begin PBXSourcesBuildPhase section */
		1E6EC46A1C05A0A000A9C7FA /* Sources */ = {
			isa = PBXSourcesBuildPhase;
			buildActionMask = 2147483647;
			files = (
				1E6EC4741C05A0A000A9C7FA /* ViewController.swift in Sources */,
				1E6EC4891C05A0D400A9C7FA /* Entity.swift in Sources */,
				1E6EC47A1C05A0A000A9C7FA /* CoreDataTest.xcdatamodeld in Sources */,
				1E6EC4881C05A0D400A9C7FA /* Entity+CoreDataProperties.swift in Sources */,
				1E6EC4721C05A0A000A9C7FA /* AppDelegate.swift in Sources */,
			);
			runOnlyForDeploymentPostprocessing = 0;
		};
/* End PBXSourcesBuildPhase section */

/* Begin PBXVariantGroup section */
		1E6EC4751C05A0A000A9C7FA /* Main.storyboard */ = {
			isa = PBXVariantGroup;
			children = (
				1E6EC4761C05A0A000A9C7FA /* Base */,
			);
			name = Main.storyboard;
			sourceTree = "<group>";
		};
		1E6EC47D1C05A0A000A9C7FA /* LaunchScreen.storyboard */ = {
			isa = PBXVariantGroup;
			children = (
				1E6EC47E1C05A0A000A9C7FA /* Base */,
			);
			name = LaunchScreen.storyboard;
			sourceTree = "<group>";
		};
/* End PBXVariantGroup section */

/* Begin XCBuildConfiguration section */
		1E6EC4811C05A0A000A9C7FA /* Debug */ = {
			isa = XCBuildConfiguration;
			buildSettings = {
				ALWAYS_SEARCH_USER_PATHS = NO;
				CLANG_CXX_LANGUAGE_STANDARD = "gnu++0x";
				CLANG_CXX_LIBRARY = "libc++";
				CLANG_ENABLE_MODULES = YES;
				CLANG_ENABLE_OBJC_ARC = YES;
				CLANG_WARN_BOOL_CONVERSION = YES;
				CLANG_WARN_CONSTANT_CONVERSION = YES;
				CLANG_WARN_DIRECT_OBJC_ISA_USAGE = YES_ERROR;
				CLANG_WARN_EMPTY_BODY = YES;
				CLANG_WARN_ENUM_CONVERSION = YES;
				CLANG_WARN_INT_CONVERSION = YES;
				CLANG_WARN_OBJC_ROOT_CLASS = YES_ERROR;
				CLANG_WARN_UNREACHABLE_CODE = YES;
				CLANG_WARN__DUPLICATE_METHOD_MATCH = YES;
				"CODE_SIGN_IDENTITY[sdk=iphoneos*]" = "iPhone Developer";
				COPY_PHASE_STRIP = NO;
				DEBUG_INFORMATION_FORMAT = dwarf;
				ENABLE_STRICT_OBJC_MSGSEND = YES;
				ENABLE_TESTABILITY = YES;
				GCC_C_LANGUAGE_STANDARD = gnu99;
				GCC_DYNAMIC_NO_PIC = NO;
				GCC_NO_COMMON_BLOCKS = YES;
				GCC_OPTIMIZATION_LEVEL = 0;
				GCC_PREPROCESSOR_DEFINITIONS = (
					"DEBUG=1",
					"$(inherited)",
				);
				GCC_WARN_64_TO_32_BIT_CONVERSION = YES;
				GCC_WARN_ABOUT_RETURN_TYPE = YES_ERROR;
				GCC_WARN_UNDECLARED_SELECTOR = YES;
				GCC_WARN_UNINITIALIZED_AUTOS = YES_AGGRESSIVE;
				GCC_WARN_UNUSED_FUNCTION = YES;
				GCC_WARN_UNUSED_VARIABLE = YES;
				IPHONEOS_DEPLOYMENT_TARGET = 9.1;
				MTL_ENABLE_DEBUG_INFO = YES;
				ONLY_ACTIVE_ARCH = YES;
				SDKROOT = iphoneos;
				SWIFT_OPTIMIZATION_LEVEL = "-Onone";
				TARGETED_DEVICE_FAMILY = 2;
			};
			name = Debug;
		};
		1E6EC4821C05A0A000A9C7FA /* Release */ = {
			isa = XCBuildConfiguration;
			buildSettings = {
				ALWAYS_SEARCH_USER_PATHS = NO;
				CLANG_CXX_LANGUAGE_STANDARD = "gnu++0x";
				CLANG_CXX_LIBRARY = "libc++";
				CLANG_ENABLE_MODULES = YES;
				CLANG_ENABLE_OBJC_ARC = YES;
				CLANG_WARN_BOOL_CONVERSION = YES;
				CLANG_WARN_CONSTANT_CONVERSION = YES;
				CLANG_WARN_DIRECT_OBJC_ISA_USAGE = YES_ERROR;
				CLANG_WARN_EMPTY_BODY = YES;
				CLANG_WARN_ENUM_CONVERSION = YES;
				CLANG_WARN_INT_CONVERSION = YES;
				CLANG_WARN_OBJC_ROOT_CLASS = YES_ERROR;
				CLANG_WARN_UNREACHABLE_CODE = YES;
				CLANG_WARN__DUPLICATE_METHOD_MATCH = YES;
				"CODE_SIGN_IDENTITY[sdk=iphoneos*]" = "iPhone Developer";
				COPY_PHASE_STRIP = NO;
				DEBUG_INFORMATION_FORMAT = "dwarf-with-dsym";
				ENABLE_NS_ASSERTIONS = NO;
				ENABLE_STRICT_OBJC_MSGSEND = YES;
				GCC_C_LANGUAGE_STANDARD = gnu99;
				GCC_NO_COMMON_BLOCKS = YES;
				GCC_WARN_64_TO_32_BIT_CONVERSION = YES;
				GCC_WARN_ABOUT_RETURN_TYPE = YES_ERROR;
				GCC_WARN_UNDECLARED_SELECTOR = YES;
				GCC_WARN_UNINITIALIZED_AUTOS = YES_AGGRESSIVE;
				GCC_WARN_UNUSED_FUNCTION = YES;
				GCC_WARN_UNUSED_VARIABLE = YES;
				IPHONEOS_DEPLOYMENT_TARGET = 9.1;
				MTL_ENABLE_DEBUG_INFO = NO;
				SDKROOT = iphoneos;
				TARGETED_DEVICE_FAMILY = 2;
				VALIDATE_PRODUCT = YES;
			};
			name = Release;
		};
		1E6EC4841C05A0A000A9C7FA /* Debug */ = {
			isa = XCBuildConfiguration;
			buildSettings = {
				ASSETCATALOG_COMPILER_APPICON_NAME = AppIcon;
				INFOPLIST_FILE = CoreDataTest/Info.plist;
				LD_RUNPATH_SEARCH_PATHS = "$(inherited) @executable_path/Frameworks";
				PRODUCT_BUNDLE_IDENTIFIER = net.minarik.CoreDataTest;
				PRODUCT_NAME = "$(TARGET_NAME)";
				TARGETED_DEVICE_FAMILY = 1;
			};
			name = Debug;
		};
		1E6EC4851C05A0A000A9C7FA /* Release */ = {
			isa = XCBuildConfiguration;
			buildSettings = {
				ASSETCATALOG_COMPILER_APPICON_NAME = AppIcon;
				INFOPLIST_FILE = CoreDataTest/Info.plist;
				LD_RUNPATH_SEARCH_PATHS = "$(inherited) @executable_path/Frameworks";
				PRODUCT_BUNDLE_IDENTIFIER = net.minarik.CoreDataTest;
				PRODUCT_NAME = "$(TARGET_NAME)";
				TARGETED_DEVICE_FAMILY = 1;
			};
			name = Release;
		};
/* End XCBuildConfiguration section */

/* Begin XCConfigurationList section */
		1E6EC4691C05A0A000A9C7FA /* Build configuration list for PBXProject "CoreDataTest" */ = {
			isa = XCConfigurationList;
			buildConfigurations = (
				1E6EC4811C05A0A000A9C7FA /* Debug */,
				1E6EC4821C05A0A000A9C7FA /* Release */,
			);
			defaultConfigurationIsVisible = 0;
			defaultConfigurationName = Release;
		};
		1E6EC4831C05A0A000A9C7FA /* Build configuration list for PBXNativeTarget "CoreDataTest" */ = {
			isa = XCConfigurationList;
			buildConfigurations = (
				1E6EC4841C05A0A000A9C7FA /* Debug */,
				1E6EC4851C05A0A000A9C7FA /* Release */,
			);
			defaultConfigurationIsVisible = 0;
		};
/* End XCConfigurationList section */

/* Begin XCVersionGroup section */
		1E6EC4781C05A0A000A9C7FA /* CoreDataTest.xcdatamodeld */ = {
			isa = XCVersionGroup;
			children = (
				1E6EC4791C05A0A000A9C7FA /* CoreDataTest.xcdatamodel */,
			);
			currentVersion = 1E6EC4791C05A0A000A9C7FA /* CoreDataTest.xcdatamodel */;
			path = CoreDataTest.xcdatamodeld;
			sourceTree = "<group>";
			versionGroupType = wrapper.xcdatamodel;
		};
/* End XCVersionGroup section */
	};
	rootObject = 1E6EC4661C05A0A000A9C7FA /* Project object */;
}
